// !$*UTF8*$!
{
	archiveVersion = 1;
	classes = {
	};
	objectVersion = 56;
	objects = {

/* Begin PBXBuildFile section */
		F29323C42AF1F554007E1936 /* VirtualBackpackApp.swift in Sources */ = {isa = PBXBuildFile; fileRef = F29323C32AF1F554007E1936 /* VirtualBackpackApp.swift */; };
		F29323C62AF1F554007E1936 /* ContentView.swift in Sources */ = {isa = PBXBuildFile; fileRef = F29323C52AF1F554007E1936 /* ContentView.swift */; };
		F29323C82AF1F558007E1936 /* Assets.xcassets in Resources */ = {isa = PBXBuildFile; fileRef = F29323C72AF1F558007E1936 /* Assets.xcassets */; };
		F29323CB2AF1F558007E1936 /* Preview Assets.xcassets in Resources */ = {isa = PBXBuildFile; fileRef = F29323CA2AF1F558007E1936 /* Preview Assets.xcassets */; };
		F29323D22AF1F57F007E1936 /* ADayView.swift in Sources */ = {isa = PBXBuildFile; fileRef = F29323D12AF1F57F007E1936 /* ADayView.swift */; };
		F29323D42AF1F5A4007E1936 /* BDayView.swift in Sources */ = {isa = PBXBuildFile; fileRef = F29323D32AF1F5A4007E1936 /* BDayView.swift */; };
		F29323D62AF1F5D1007E1936 /* CoreDataManager.swift in Sources */ = {isa = PBXBuildFile; fileRef = F29323D52AF1F5D1007E1936 /* CoreDataManager.swift */; };
		F29323D92AF1F5F2007E1936 /* ToDoModel.xcdatamodeld in Sources */ = {isa = PBXBuildFile; fileRef = F29323D72AF1F5F2007E1936 /* ToDoModel.xcdatamodeld */; };
/* End PBXBuildFile section */

/* Begin PBXFileReference section */
		F29323C02AF1F554007E1936 /* VirtualBackpack.app */ = {isa = PBXFileReference; explicitFileType = wrapper.application; includeInIndex = 0; path = VirtualBackpack.app; sourceTree = BUILT_PRODUCTS_DIR; };
		F29323C32AF1F554007E1936 /* VirtualBackpackApp.swift */ = {isa = PBXFileReference; lastKnownFileType = sourcecode.swift; path = VirtualBackpackApp.swift; sourceTree = "<group>"; };
		F29323C52AF1F554007E1936 /* ContentView.swift */ = {isa = PBXFileReference; lastKnownFileType = sourcecode.swift; path = ContentView.swift; sourceTree = "<group>"; };
		F29323C72AF1F558007E1936 /* Assets.xcassets */ = {isa = PBXFileReference; lastKnownFileType = folder.assetcatalog; path = Assets.xcassets; sourceTree = "<group>"; };
		F29323CA2AF1F558007E1936 /* Preview Assets.xcassets */ = {isa = PBXFileReference; lastKnownFileType = folder.assetcatalog; path = "Preview Assets.xcassets"; sourceTree = "<group>"; };
		F29323D12AF1F57F007E1936 /* ADayView.swift */ = {isa = PBXFileReference; lastKnownFileType = sourcecode.swift; path = ADayView.swift; sourceTree = "<group>"; };
		F29323D32AF1F5A4007E1936 /* BDayView.swift */ = {isa = PBXFileReference; lastKnownFileType = sourcecode.swift; path = BDayView.swift; sourceTree = "<group>"; };
		F29323D52AF1F5D1007E1936 /* CoreDataManager.swift */ = {isa = PBXFileReference; lastKnownFileType = sourcecode.swift; path = CoreDataManager.swift; sourceTree = "<group>"; };
		F29323D82AF1F5F2007E1936 /* ToDoModel.xcdatamodel */ = {isa = PBXFileReference; lastKnownFileType = wrapper.xcdatamodel; path = ToDoModel.xcdatamodel; sourceTree = "<group>"; };
/* End PBXFileReference section */

/* Begin PBXFrameworksBuildPhase section */
		F29323BD2AF1F554007E1936 /* Frameworks */ = {
			isa = PBXFrameworksBuildPhase;
			buildActionMask = 2147483647;
			files = (
			);
			runOnlyForDeploymentPostprocessing = 0;
		};
/* End PBXFrameworksBuildPhase section */

/* Begin PBXGroup section */
		F29323B72AF1F554007E1936 = {
			isa = PBXGroup;
			children = (
				F29323C22AF1F554007E1936 /* VirtualBackpack */,
				F29323C12AF1F554007E1936 /* Products */,
			);
			sourceTree = "<group>";
		};
		F29323C12AF1F554007E1936 /* Products */ = {
			isa = PBXGroup;
			children = (
				F29323C02AF1F554007E1936 /* VirtualBackpack.app */,
			);
			name = Products;
			sourceTree = "<group>";
		};
		F29323C22AF1F554007E1936 /* VirtualBackpack */ = {
			isa = PBXGroup;
			children = (
				F29323C32AF1F554007E1936 /* VirtualBackpackApp.swift */,
				F29323C52AF1F554007E1936 /* ContentView.swift */,
				F29323D12AF1F57F007E1936 /* ADayView.swift */,
				F29323D32AF1F5A4007E1936 /* BDayView.swift */,
				F29323D52AF1F5D1007E1936 /* CoreDataManager.swift */,
				F29323D72AF1F5F2007E1936 /* ToDoModel.xcdatamodeld */,
				F29323C72AF1F558007E1936 /* Assets.xcassets */,
				F29323C92AF1F558007E1936 /* Preview Content */,
			);
			path = VirtualBackpack;
			sourceTree = "<group>";
		};
		F29323C92AF1F558007E1936 /* Preview Content */ = {
			isa = PBXGroup;
			children = (
				F29323CA2AF1F558007E1936 /* Preview Assets.xcassets */,
			);
			path = "Preview Content";
			sourceTree = "<group>";
		};
/* End PBXGroup section */

/* Begin PBXNativeTarget section */
		F29323BF2AF1F554007E1936 /* VirtualBackpack */ = {
			isa = PBXNativeTarget;
			buildConfigurationList = F29323CE2AF1F558007E1936 /* Build configuration list for PBXNativeTarget "VirtualBackpack" */;
			buildPhases = (
				F29323BC2AF1F554007E1936 /* Sources */,
				F29323BD2AF1F554007E1936 /* Frameworks */,
				F29323BE2AF1F554007E1936 /* Resources */,
			);
			buildRules = (
			);
			dependencies = (
			);
			name = VirtualBackpack;
			productName = VirtualBackpack;
			productReference = F29323C02AF1F554007E1936 /* VirtualBackpack.app */;
			productType = "com.apple.product-type.application";
		};
/* End PBXNativeTarget section */

/* Begin PBXProject section */
		F29323B82AF1F554007E1936 /* Project object */ = {
			isa = PBXProject;
			attributes = {
				BuildIndependentTargetsInParallel = 1;
				LastSwiftUpdateCheck = 1430;
				LastUpgradeCheck = 1430;
				TargetAttributes = {
					F29323BF2AF1F554007E1936 = {
						CreatedOnToolsVersion = 14.3.1;
					};
				};
			};
			buildConfigurationList = F29323BB2AF1F554007E1936 /* Build configuration list for PBXProject "VirtualBackpack" */;
			compatibilityVersion = "Xcode 14.0";
			developmentRegion = en;
			hasScannedForEncodings = 0;
			knownRegions = (
				en,
				Base,
			);
			mainGroup = F29323B72AF1F554007E1936;
			productRefGroup = F29323C12AF1F554007E1936 /* Products */;
			projectDirPath = "";
			projectRoot = "";
			targets = (
				F29323BF2AF1F554007E1936 /* VirtualBackpack */,
			);
		};
/* End PBXProject section */

/* Begin PBXResourcesBuildPhase section */
		F29323BE2AF1F554007E1936 /* Resources */ = {
			isa = PBXResourcesBuildPhase;
			buildActionMask = 2147483647;
			files = (
				F29323CB2AF1F558007E1936 /* Preview Assets.xcassets in Resources */,
				F29323C82AF1F558007E1936 /* Assets.xcassets in Resources */,
			);
			runOnlyForDeploymentPostprocessing = 0;
		};
/* End PBXResourcesBuildPhase section */

/* Begin PBXSourcesBuildPhase section */
		F29323BC2AF1F554007E1936 /* Sources */ = {
			isa = PBXSourcesBuildPhase;
			buildActionMask = 2147483647;
			files = (
				F29323D42AF1F5A4007E1936 /* BDayView.swift in Sources */,
				F29323D22AF1F57F007E1936 /* ADayView.swift in Sources */,
				F29323C62AF1F554007E1936 /* ContentView.swift in Sources */,
				F29323D62AF1F5D1007E1936 /* CoreDataManager.swift in Sources */,
				F29323C42AF1F554007E1936 /* VirtualBackpackApp.swift in Sources */,
				F29323D92AF1F5F2007E1936 /* ToDoModel.xcdatamodeld in Sources */,
			);
			runOnlyForDeploymentPostprocessing = 0;
		};
/* End PBXSourcesBuildPhase section */

/* Begin XCBuildConfiguration section */
		F29323CC2AF1F558007E1936 /* Debug */ = {
			isa = XCBuildConfiguration;
			buildSettings = {
				ALWAYS_SEARCH_USER_PATHS = NO;
				CLANG_ANALYZER_NONNULL = YES;
				CLANG_ANALYZER_NUMBER_OBJECT_CONVERSION = YES_AGGRESSIVE;
				CLANG_CXX_LANGUAGE_STANDARD = "gnu++20";
				CLANG_ENABLE_MODULES = YES;
				CLANG_ENABLE_OBJC_ARC = YES;
				CLANG_ENABLE_OBJC_WEAK = YES;
				CLANG_WARN_BLOCK_CAPTURE_AUTORELEASING = YES;
				CLANG_WARN_BOOL_CONVERSION = YES;
				CLANG_WARN_COMMA = YES;
				CLANG_WARN_CONSTANT_CONVERSION = YES;
				CLANG_WARN_DEPRECATED_OBJC_IMPLEMENTATIONS = YES;
				CLANG_WARN_DIRECT_OBJC_ISA_USAGE = YES_ERROR;
				CLANG_WARN_DOCUMENTATION_COMMENTS = YES;
				CLANG_WARN_EMPTY_BODY = YES;
				CLANG_WARN_ENUM_CONVERSION = YES;
				CLANG_WARN_INFINITE_RECURSION = YES;
				CLANG_WARN_INT_CONVERSION = YES;
				CLANG_WARN_NON_LITERAL_NULL_CONVERSION = YES;
				CLANG_WARN_OBJC_IMPLICIT_RETAIN_SELF = YES;
				CLANG_WARN_OBJC_LITERAL_CONVERSION = YES;
				CLANG_WARN_OBJC_ROOT_CLASS = YES_ERROR;
				CLANG_WARN_QUOTED_INCLUDE_IN_FRAMEWORK_HEADER = YES;
				CLANG_WARN_RANGE_LOOP_ANALYSIS = YES;
				CLANG_WARN_STRICT_PROTOTYPES = YES;
				CLANG_WARN_SUSPICIOUS_MOVE = YES;
				CLANG_WARN_UNGUARDED_AVAILABILITY = YES_AGGRESSIVE;
				CLANG_WARN_UNREACHABLE_CODE = YES;
				CLANG_WARN__DUPLICATE_METHOD_MATCH = YES;
				COPY_PHASE_STRIP = NO;
				DEBUG_INFORMATION_FORMAT = dwarf;
				ENABLE_STRICT_OBJC_MSGSEND = YES;
				ENABLE_TESTABILITY = YES;
				GCC_C_LANGUAGE_STANDARD = gnu11;
				GCC_DYNAMIC_NO_PIC = NO;
				GCC_NO_COMMON_BLOCKS = YES;
				GCC_OPTIMIZATION_LEVEL = 0;
				GCC_PREPROCESSOR_DEFINITIONS = (
					"DEBUG=1",
					"$(inherited)",
				);
				GCC_WARN_64_TO_32_BIT_CONVERSION = YES;
				GCC_WARN_ABOUT_RETURN_TYPE = YES_ERROR;
				GCC_WARN_UNDECLARED_SELECTOR = YES;
				GCC_WARN_UNINITIALIZED_AUTOS = YES_AGGRESSIVE;
				GCC_WARN_UNUSED_FUNCTION = YES;
				GCC_WARN_UNUSED_VARIABLE = YES;
				IPHONEOS_DEPLOYMENT_TARGET = 16.4;
				MTL_ENABLE_DEBUG_INFO = INCLUDE_SOURCE;
				MTL_FAST_MATH = YES;
				ONLY_ACTIVE_ARCH = YES;
				SDKROOT = iphoneos;
				SWIFT_ACTIVE_COMPILATION_CONDITIONS = DEBUG;
				SWIFT_OPTIMIZATION_LEVEL = "-Onone";
			};
			name = Debug;
		};
		F29323CD2AF1F558007E1936 /* Release */ = {
			isa = XCBuildConfiguration;
			buildSettings = {
				ALWAYS_SEARCH_USER_PATHS = NO;
				CLANG_ANALYZER_NONNULL = YES;
				CLANG_ANALYZER_NUMBER_OBJECT_CONVERSION = YES_AGGRESSIVE;
				CLANG_CXX_LANGUAGE_STANDARD = "gnu++20";
				CLANG_ENABLE_MODULES = YES;
				CLANG_ENABLE_OBJC_ARC = YES;
				CLANG_ENABLE_OBJC_WEAK = YES;
				CLANG_WARN_BLOCK_CAPTURE_AUTORELEASING = YES;
				CLANG_WARN_BOOL_CONVERSION = YES;
				CLANG_WARN_COMMA = YES;
				CLANG_WARN_CONSTANT_CONVERSION = YES;
				CLANG_WARN_DEPRECATED_OBJC_IMPLEMENTATIONS = YES;
				CLANG_WARN_DIRECT_OBJC_ISA_USAGE = YES_ERROR;
				CLANG_WARN_DOCUMENTATION_COMMENTS = YES;
				CLANG_WARN_EMPTY_BODY = YES;
				CLANG_WARN_ENUM_CONVERSION = YES;
				CLANG_WARN_INFINITE_RECURSION = YES;
				CLANG_WARN_INT_CONVERSION = YES;
				CLANG_WARN_NON_LITERAL_NULL_CONVERSION = YES;
				CLANG_WARN_OBJC_IMPLICIT_RETAIN_SELF = YES;
				CLANG_WARN_OBJC_LITERAL_CONVERSION = YES;
				CLANG_WARN_OBJC_ROOT_CLASS = YES_ERROR;
				CLANG_WARN_QUOTED_INCLUDE_IN_FRAMEWORK_HEADER = YES;
				CLANG_WARN_RANGE_LOOP_ANALYSIS = YES;
				CLANG_WARN_STRICT_PROTOTYPES = YES;
				CLANG_WARN_SUSPICIOUS_MOVE = YES;
				CLANG_WARN_UNGUARDED_AVAILABILITY = YES_AGGRESSIVE;
				CLANG_WARN_UNREACHABLE_CODE = YES;
				CLANG_WARN__DUPLICATE_METHOD_MATCH = YES;
				COPY_PHASE_STRIP = NO;
				DEBUG_INFORMATION_FORMAT = "dwarf-with-dsym";
				ENABLE_NS_ASSERTIONS = NO;
				ENABLE_STRICT_OBJC_MSGSEND = YES;
				GCC_C_LANGUAGE_STANDARD = gnu11;
				GCC_NO_COMMON_BLOCKS = YES;
				GCC_WARN_64_TO_32_BIT_CONVERSION = YES;
				GCC_WARN_ABOUT_RETURN_TYPE = YES_ERROR;
				GCC_WARN_UNDECLARED_SELECTOR = YES;
				GCC_WARN_UNINITIALIZED_AUTOS = YES_AGGRESSIVE;
				GCC_WARN_UNUSED_FUNCTION = YES;
				GCC_WARN_UNUSED_VARIABLE = YES;
				IPHONEOS_DEPLOYMENT_TARGET = 16.4;
				MTL_ENABLE_DEBUG_INFO = NO;
				MTL_FAST_MATH = YES;
				SDKROOT = iphoneos;
				SWIFT_COMPILATION_MODE = wholemodule;
				SWIFT_OPTIMIZATION_LEVEL = "-O";
				VALIDATE_PRODUCT = YES;
			};
			name = Release;
		};
		F29323CF2AF1F558007E1936 /* Debug */ = {
			isa = XCBuildConfiguration;
			buildSettings = {
				ASSETCATALOG_COMPILER_APPICON_NAME = AppIcon;
				ASSETCATALOG_COMPILER_GLOBAL_ACCENT_COLOR_NAME = AccentColor;
				CODE_SIGN_STYLE = Automatic;
				CURRENT_PROJECT_VERSION = 1;
				DEVELOPMENT_ASSET_PATHS = "\"VirtualBackpack/Preview Content\"";
				ENABLE_PREVIEWS = YES;
				GENERATE_INFOPLIST_FILE = YES;
				INFOPLIST_KEY_UIApplicationSceneManifest_Generation = YES;
				INFOPLIST_KEY_UIApplicationSupportsIndirectInputEvents = YES;
				INFOPLIST_KEY_UILaunchScreen_Generation = YES;
				INFOPLIST_KEY_UISupportedInterfaceOrientations_iPad = "UIInterfaceOrientationPortrait UIInterfaceOrientationPortraitUpsideDown UIInterfaceOrientationLandscapeLeft UIInterfaceOrientationLandscapeRight";
				INFOPLIST_KEY_UISupportedInterfaceOrientations_iPhone = "UIInterfaceOrientationPortrait UIInterfaceOrientationLandscapeLeft UIInterfaceOrientationLandscapeRight";
				LD_RUNPATH_SEARCH_PATHS = (
					"$(inherited)",
					"@executable_path/Frameworks",
				);
				MARKETING_VERSION = 1.0;
				PRODUCT_BUNDLE_IDENTIFIER = my.VirtualBackpack;
				PRODUCT_NAME = "$(TARGET_NAME)";
				SWIFT_EMIT_LOC_STRINGS = YES;
				SWIFT_VERSION = 5.0;
				TARGETED_DEVICE_FAMILY = "1,2";
			};
			name = Debug;
		};
		F29323D02AF1F558007E1936 /* Release */ = {
			isa = XCBuildConfiguration;
			buildSettings = {
				ASSETCATALOG_COMPILER_APPICON_NAME = AppIcon;
				ASSETCATALOG_COMPILER_GLOBAL_ACCENT_COLOR_NAME = AccentColor;
				CODE_SIGN_STYLE = Automatic;
				CURRENT_PROJECT_VERSION = 1;
				DEVELOPMENT_ASSET_PATHS = "\"VirtualBackpack/Preview Content\"";
				ENABLE_PREVIEWS = YES;
				GENERATE_INFOPLIST_FILE = YES;
				INFOPLIST_KEY_UIApplicationSceneManifest_Generation = YES;
				INFOPLIST_KEY_UIApplicationSupportsIndirectInputEvents = YES;
				INFOPLIST_KEY_UILaunchScreen_Generation = YES;
				INFOPLIST_KEY_UISupportedInterfaceOrientations_iPad = "UIInterfaceOrientationPortrait UIInterfaceOrientationPortraitUpsideDown UIInterfaceOrientationLandscapeLeft UIInterfaceOrientationLandscapeRight";
				INFOPLIST_KEY_UISupportedInterfaceOrientations_iPhone = "UIInterfaceOrientationPortrait UIInterfaceOrientationLandscapeLeft UIInterfaceOrientationLandscapeRight";
				LD_RUNPATH_SEARCH_PATHS = (
					"$(inherited)",
					"@executable_path/Frameworks",
				);
				MARKETING_VERSION = 1.0;
				PRODUCT_BUNDLE_IDENTIFIER = my.VirtualBackpack;
				PRODUCT_NAME = "$(TARGET_NAME)";
				SWIFT_EMIT_LOC_STRINGS = YES;
				SWIFT_VERSION = 5.0;
				TARGETED_DEVICE_FAMILY = "1,2";
			};
			name = Release;
		};
/* End XCBuildConfiguration section */

/* Begin XCConfigurationList section */
		F29323BB2AF1F554007E1936 /* Build configuration list for PBXProject "VirtualBackpack" */ = {
			isa = XCConfigurationList;
			buildConfigurations = (
				F29323CC2AF1F558007E1936 /* Debug */,
				F29323CD2AF1F558007E1936 /* Release */,
			);
			defaultConfigurationIsVisible = 0;
			defaultConfigurationName = Release;
		};
		F29323CE2AF1F558007E1936 /* Build configuration list for PBXNativeTarget "VirtualBackpack" */ = {
			isa = XCConfigurationList;
			buildConfigurations = (
				F29323CF2AF1F558007E1936 /* Debug */,
				F29323D02AF1F558007E1936 /* Release */,
			);
			defaultConfigurationIsVisible = 0;
			defaultConfigurationName = Release;
		};
/* End XCConfigurationList section */

/* Begin XCVersionGroup section */
		F29323D72AF1F5F2007E1936 /* ToDoModel.xcdatamodeld */ = {
			isa = XCVersionGroup;
			children = (
				F29323D82AF1F5F2007E1936 /* ToDoModel.xcdatamodel */,
			);
			currentVersion = F29323D82AF1F5F2007E1936 /* ToDoModel.xcdatamodel */;
			path = ToDoModel.xcdatamodeld;
			sourceTree = "<group>";
			versionGroupType = wrapper.xcdatamodel;
		};
/* End XCVersionGroup section */
	};
	rootObject = F29323B82AF1F554007E1936 /* Project object */;
}
